
Microsoft Visual Studio Solution File, Format Version 12.00
# Visual Studio Version 16
VisualStudioVersion = 16.0.32106.194
MinimumVisualStudioVersion = 10.0.40219.1
Project("{FAE04EC0-301F-11D3-BF4B-00C04F79EFBC}") = "DrinkServer", "DrinkServer\DrinkServer.csproj", "{B4269BAC-ACEC-4B48-972C-7160A6A86B14}"
EndProject
Global
	GlobalSection(SolutionConfigurationPlatforms) = preSolution
		Debug|Any CPU = Debug|Any CPU
		Release|Any CPU = Release|Any CPU
	EndGlobalSection
	GlobalSection(ProjectConfigurationPlatforms) = postSolution
		{B4269BAC-ACEC-4B48-972C-7160A6A86B14}.Debug|Any CPU.ActiveCfg = Debug|Any CPU
		{B4269BAC-ACEC-4B48-972C-7160A6A86B14}.Debug|Any CPU.Build.0 = Debug|Any CPU
		{B4269BAC-ACEC-4B48-972C-7160A6A86B14}.Release|Any CPU.ActiveCfg = Release|Any CPU
		{B4269BAC-ACEC-4B48-972C-7160A6A86B14}.Release|Any CPU.Build.0 = Release|Any CPU
	EndGlobalSection
	GlobalSection(SolutionProperties) = preSolution
		HideSolutionNode = FALSE
	EndGlobalSection
	GlobalSection(ExtensibilityGlobals) = postSolution
		SolutionGuid = {DE782A6A-5E96-4180-8A59-5814105B48C7}
	EndGlobalSection
EndGlobal
